
Microsoft Visual Studio Solution File, Format Version 12.00
# Visual Studio 15
VisualStudioVersion = 15.0.26730.12
MinimumVisualStudioVersion = 10.0.40219.1
Project("{FAE04EC0-301F-11D3-BF4B-00C04F79EFBC}") = "Exercise1", "Exercise1\Exercise1.csproj", "{4F2758AE-6685-4D16-A8D5-5A0732DA8B3E}"
EndProject
Project("{FAE04EC0-301F-11D3-BF4B-00C04F79EFBC}") = "Exercise2", "Exercise2\Exercise2.csproj", "{0C7D750E-05C1-4EE8-AE35-17C4A3EFD2ED}"
EndProject
Project("{FAE04EC0-301F-11D3-BF4B-00C04F79EFBC}") = "Exercise3", "Exercise3\Exercise3.csproj", "{883DED65-964D-4770-B433-AD36B3C25918}"
EndProject
Project("{FAE04EC0-301F-11D3-BF4B-00C04F79EFBC}") = "Exercise4", "Exercise4\Exercise4.csproj", "{27866A8C-F8EB-4A10-8784-57EA116C86DA}"
EndProject
Project("{FAE04EC0-301F-11D3-BF4B-00C04F79EFBC}") = "Exercise5", "Exercise5\Exercise5.csproj", "{E390DC80-ADCB-46C3-86FC-707C1298529D}"
EndProject
Project("{FAE04EC0-301F-11D3-BF4B-00C04F79EFBC}") = "Exercise6", "Exercise6\Exercise6.csproj", "{065F53A2-9FD1-4C4A-AAAD-F26DC1279031}"
EndProject
Project("{FAE04EC0-301F-11D3-BF4B-00C04F79EFBC}") = "Exercise7", "Exercise7\Exercise7.csproj", "{31CAD50F-D50C-4FCA-B67C-6341ADCAAB23}"
EndProject
Project("{FAE04EC0-301F-11D3-BF4B-00C04F79EFBC}") = "Exercise8", "Exercise8\Exercise8.csproj", "{846E0F9D-0032-4D08-B768-44A306F9A7BF}"
EndProject
Project("{FAE04EC0-301F-11D3-BF4B-00C04F79EFBC}") = "Exercise9", "Exercise9\Exercise9.csproj", "{F0F84955-0A4A-4642-A504-A14B38A84D0F}"
EndProject
Project("{FAE04EC0-301F-11D3-BF4B-00C04F79EFBC}") = "Exercise10", "Exercise10\Exercise10.csproj", "{F2935D9C-E332-43DD-AC31-73FD15831DED}"
EndProject
Project("{FAE04EC0-301F-11D3-BF4B-00C04F79EFBC}") = "Exercise11", "Exercise11\Exercise11.csproj", "{12EE4D02-BF57-4A45-8523-8197C933C05C}"
EndProject
Project("{FAE04EC0-301F-11D3-BF4B-00C04F79EFBC}") = "Exercise11WithObjects", "Exercise11WithObjects\Exercise11WithObjects.csproj", "{60245E8F-C316-4DFD-A4F3-D342C1DD7150}"
EndProject
Global
	GlobalSection(SolutionConfigurationPlatforms) = preSolution
		Debug|Any CPU = Debug|Any CPU
		Release|Any CPU = Release|Any CPU
	EndGlobalSection
	GlobalSection(ProjectConfigurationPlatforms) = postSolution
		{4F2758AE-6685-4D16-A8D5-5A0732DA8B3E}.Debug|Any CPU.ActiveCfg = Debug|Any CPU
		{4F2758AE-6685-4D16-A8D5-5A0732DA8B3E}.Debug|Any CPU.Build.0 = Debug|Any CPU
		{4F2758AE-6685-4D16-A8D5-5A0732DA8B3E}.Release|Any CPU.ActiveCfg = Release|Any CPU
		{4F2758AE-6685-4D16-A8D5-5A0732DA8B3E}.Release|Any CPU.Build.0 = Release|Any CPU
		{0C7D750E-05C1-4EE8-AE35-17C4A3EFD2ED}.Debug|Any CPU.ActiveCfg = Debug|Any CPU
		{0C7D750E-05C1-4EE8-AE35-17C4A3EFD2ED}.Debug|Any CPU.Build.0 = Debug|Any CPU
		{0C7D750E-05C1-4EE8-AE35-17C4A3EFD2ED}.Release|Any CPU.ActiveCfg = Release|Any CPU
		{0C7D750E-05C1-4EE8-AE35-17C4A3EFD2ED}.Release|Any CPU.Build.0 = Release|Any CPU
		{883DED65-964D-4770-B433-AD36B3C25918}.Debug|Any CPU.ActiveCfg = Debug|Any CPU
		{883DED65-964D-4770-B433-AD36B3C25918}.Debug|Any CPU.Build.0 = Debug|Any CPU
		{883DED65-964D-4770-B433-AD36B3C25918}.Release|Any CPU.ActiveCfg = Release|Any CPU
		{883DED65-964D-4770-B433-AD36B3C25918}.Release|Any CPU.Build.0 = Release|Any CPU
		{27866A8C-F8EB-4A10-8784-57EA116C86DA}.Debug|Any CPU.ActiveCfg = Debug|Any CPU
		{27866A8C-F8EB-4A10-8784-57EA116C86DA}.Debug|Any CPU.Build.0 = Debug|Any CPU
		{27866A8C-F8EB-4A10-8784-57EA116C86DA}.Release|Any CPU.ActiveCfg = Release|Any CPU
		{27866A8C-F8EB-4A10-8784-57EA116C86DA}.Release|Any CPU.Build.0 = Release|Any CPU
		{E390DC80-ADCB-46C3-86FC-707C1298529D}.Debug|Any CPU.ActiveCfg = Debug|Any CPU
		{E390DC80-ADCB-46C3-86FC-707C1298529D}.Debug|Any CPU.Build.0 = Debug|Any CPU
		{E390DC80-ADCB-46C3-86FC-707C1298529D}.Release|Any CPU.ActiveCfg = Release|Any CPU
		{E390DC80-ADCB-46C3-86FC-707C1298529D}.Release|Any CPU.Build.0 = Release|Any CPU
		{065F53A2-9FD1-4C4A-AAAD-F26DC1279031}.Debug|Any CPU.ActiveCfg = Debug|Any CPU
		{065F53A2-9FD1-4C4A-AAAD-F26DC1279031}.Debug|Any CPU.Build.0 = Debug|Any CPU
		{065F53A2-9FD1-4C4A-AAAD-F26DC1279031}.Release|Any CPU.ActiveCfg = Release|Any CPU
		{065F53A2-9FD1-4C4A-AAAD-F26DC1279031}.Release|Any CPU.Build.0 = Release|Any CPU
		{31CAD50F-D50C-4FCA-B67C-6341ADCAAB23}.Debug|Any CPU.ActiveCfg = Debug|Any CPU
		{31CAD50F-D50C-4FCA-B67C-6341ADCAAB23}.Debug|Any CPU.Build.0 = Debug|Any CPU
		{31CAD50F-D50C-4FCA-B67C-6341ADCAAB23}.Release|Any CPU.ActiveCfg = Release|Any CPU
		{31CAD50F-D50C-4FCA-B67C-6341ADCAAB23}.Release|Any CPU.Build.0 = Release|Any CPU
		{846E0F9D-0032-4D08-B768-44A306F9A7BF}.Debug|Any CPU.ActiveCfg = Debug|Any CPU
		{846E0F9D-0032-4D08-B768-44A306F9A7BF}.Debug|Any CPU.Build.0 = Debug|Any CPU
		{846E0F9D-0032-4D08-B768-44A306F9A7BF}.Release|Any CPU.ActiveCfg = Release|Any CPU
		{846E0F9D-0032-4D08-B768-44A306F9A7BF}.Release|Any CPU.Build.0 = Release|Any CPU
		{F0F84955-0A4A-4642-A504-A14B38A84D0F}.Debug|Any CPU.ActiveCfg = Debug|Any CPU
		{F0F84955-0A4A-4642-A504-A14B38A84D0F}.Debug|Any CPU.Build.0 = Debug|Any CPU
		{F0F84955-0A4A-4642-A504-A14B38A84D0F}.Release|Any CPU.ActiveCfg = Release|Any CPU
		{F0F84955-0A4A-4642-A504-A14B38A84D0F}.Release|Any CPU.Build.0 = Release|Any CPU
		{F2935D9C-E332-43DD-AC31-73FD15831DED}.Debug|Any CPU.ActiveCfg = Debug|Any CPU
		{F2935D9C-E332-43DD-AC31-73FD15831DED}.Debug|Any CPU.Build.0 = Debug|Any CPU
		{F2935D9C-E332-43DD-AC31-73FD15831DED}.Release|Any CPU.ActiveCfg = Release|Any CPU
		{F2935D9C-E332-43DD-AC31-73FD15831DED}.Release|Any CPU.Build.0 = Release|Any CPU
		{12EE4D02-BF57-4A45-8523-8197C933C05C}.Debug|Any CPU.ActiveCfg = Debug|Any CPU
		{12EE4D02-BF57-4A45-8523-8197C933C05C}.Debug|Any CPU.Build.0 = Debug|Any CPU
		{12EE4D02-BF57-4A45-8523-8197C933C05C}.Release|Any CPU.ActiveCfg = Release|Any CPU
		{12EE4D02-BF57-4A45-8523-8197C933C05C}.Release|Any CPU.Build.0 = Release|Any CPU
		{60245E8F-C316-4DFD-A4F3-D342C1DD7150}.Debug|Any CPU.ActiveCfg = Debug|Any CPU
		{60245E8F-C316-4DFD-A4F3-D342C1DD7150}.Debug|Any CPU.Build.0 = Debug|Any CPU
		{60245E8F-C316-4DFD-A4F3-D342C1DD7150}.Release|Any CPU.ActiveCfg = Release|Any CPU
		{60245E8F-C316-4DFD-A4F3-D342C1DD7150}.Release|Any CPU.Build.0 = Release|Any CPU
	EndGlobalSection
	GlobalSection(SolutionProperties) = preSolution
		HideSolutionNode = FALSE
	EndGlobalSection
	GlobalSection(ExtensibilityGlobals) = postSolution
		SolutionGuid = {46E2CF45-3B5F-4470-AA36-CCAF9B1535D3}
	EndGlobalSection
EndGlobal
